// !$*UTF8*$!
{
	archiveVersion = 1;
	classes = {
	};
	objectVersion = 77;
	objects = {

/* Begin PBXContainerItemProxy section */
		CD04341D2E074ABF00AF8CCA /* PBXContainerItemProxy */ = {
			isa = PBXContainerItemProxy;
			containerPortal = CD0434072E074ABD00AF8CCA /* Project object */;
			proxyType = 1;
			remoteGlobalIDString = CD04340E2E074ABD00AF8CCA;
			remoteInfo = MtaaCare;
		};
		CD0434272E074ABF00AF8CCA /* PBXContainerItemProxy */ = {
			isa = PBXContainerItemProxy;
			containerPortal = CD0434072E074ABD00AF8CCA /* Project object */;
			proxyType = 1;
			remoteGlobalIDString = CD04340E2E074ABD00AF8CCA;
			remoteInfo = MtaaCare;
		};
/* End PBXContainerItemProxy section */

/* Begin PBXFileReference section */
		CD04340F2E074ABD00AF8CCA /* MtaaCare.app */ = {isa = PBXFileReference; explicitFileType = wrapper.application; includeInIndex = 0; path = MtaaCare.app; sourceTree = BUILT_PRODUCTS_DIR; };
		CD04341C2E074ABF00AF8CCA /* MtaaCareTests.xctest */ = {isa = PBXFileReference; explicitFileType = wrapper.cfbundle; includeInIndex = 0; path = MtaaCareTests.xctest; sourceTree = BUILT_PRODUCTS_DIR; };
		CD0434262E074ABF00AF8CCA /* MtaaCareUITests.xctest */ = {isa = PBXFileReference; explicitFileType = wrapper.cfbundle; includeInIndex = 0; path = MtaaCareUITests.xctest; sourceTree = BUILT_PRODUCTS_DIR; };
/* End PBXFileReference section */

/* Begin PBXFileSystemSynchronizedRootGroup section */
		CD0434112E074ABD00AF8CCA /* MtaaCare */ = {
			isa = PBXFileSystemSynchronizedRootGroup;
			path = MtaaCare;
			sourceTree = "<group>";
		};
		CD04341F2E074ABF00AF8CCA /* MtaaCareTests */ = {
			isa = PBXFileSystemSynchronizedRootGroup;
			path = MtaaCareTests;
			sourceTree = "<group>";
		};
		CD0434292E074ABF00AF8CCA /* MtaaCareUITests */ = {
			isa = PBXFileSystemSynchronizedRootGroup;
			path = MtaaCareUITests;
			sourceTree = "<group>";
		};
/* End PBXFileSystemSynchronizedRootGroup section */

/* Begin PBXFrameworksBuildPhase section */
		CD04340C2E074ABD00AF8CCA /* Frameworks */ = {
			isa = PBXFrameworksBuildPhase;
			buildActionMask = 2147483647;
			files = (
			);
			runOnlyForDeploymentPostprocessing = 0;
		};
		CD0434192E074ABF00AF8CCA /* Frameworks */ = {
			isa = PBXFrameworksBuildPhase;
			buildActionMask = 2147483647;
			files = (
			);
			runOnlyForDeploymentPostprocessing = 0;
		};
		CD0434232E074ABF00AF8CCA /* Frameworks */ = {
			isa = PBXFrameworksBuildPhase;
			buildActionMask = 2147483647;
			files = (
			);
			runOnlyForDeploymentPostprocessing = 0;
		};
/* End PBXFrameworksBuildPhase section */

/* Begin PBXGroup section */
		CD0434062E074ABD00AF8CCA = {
			isa = PBXGroup;
			children = (
				CD0434112E074ABD00AF8CCA /* MtaaCare */,
				CD04341F2E074ABF00AF8CCA /* MtaaCareTests */,
				CD0434292E074ABF00AF8CCA /* MtaaCareUITests */,
				CD0434102E074ABD00AF8CCA /* Products */,
			);
			sourceTree = "<group>";
		};
		CD0434102E074ABD00AF8CCA /* Products */ = {
			isa = PBXGroup;
			children = (
				CD04340F2E074ABD00AF8CCA /* MtaaCare.app */,
				CD04341C2E074ABF00AF8CCA /* MtaaCareTests.xctest */,
				CD0434262E074ABF00AF8CCA /* MtaaCareUITests.xctest */,
			);
			name = Products;
			sourceTree = "<group>";
		};
/* End PBXGroup section */

/* Begin PBXNativeTarget section */
		CD04340E2E074ABD00AF8CCA /* MtaaCare */ = {
			isa = PBXNativeTarget;
			buildConfigurationList = CD0434302E074ABF00AF8CCA /* Build configuration list for PBXNativeTarget "MtaaCare" */;
			buildPhases = (
				CD04340B2E074ABD00AF8CCA /* Sources */,
				CD04340C2E074ABD00AF8CCA /* Frameworks */,
				CD04340D2E074ABD00AF8CCA /* Resources */,
			);
			buildRules = (
			);
			dependencies = (
			);
			fileSystemSynchronizedGroups = (
				CD0434112E074ABD00AF8CCA /* MtaaCare */,
			);
			name = MtaaCare;
			packageProductDependencies = (
			);
			productName = MtaaCare;
			productReference = CD04340F2E074ABD00AF8CCA /* MtaaCare.app */;
			productType = "com.apple.product-type.application";
		};
		CD04341B2E074ABF00AF8CCA /* MtaaCareTests */ = {
			isa = PBXNativeTarget;
			buildConfigurationList = CD0434332E074ABF00AF8CCA /* Build configuration list for PBXNativeTarget "MtaaCareTests" */;
			buildPhases = (
				CD0434182E074ABF00AF8CCA /* Sources */,
				CD0434192E074ABF00AF8CCA /* Frameworks */,
				CD04341A2E074ABF00AF8CCA /* Resources */,
			);
			buildRules = (
			);
			dependencies = (
				CD04341E2E074ABF00AF8CCA /* PBXTargetDependency */,
			);
			fileSystemSynchronizedGroups = (
				CD04341F2E074ABF00AF8CCA /* MtaaCareTests */,
			);
			name = MtaaCareTests;
			packageProductDependencies = (
			);
			productName = MtaaCareTests;
			productReference = CD04341C2E074ABF00AF8CCA /* MtaaCareTests.xctest */;
			productType = "com.apple.product-type.bundle.unit-test";
		};
		CD0434252E074ABF00AF8CCA /* MtaaCareUITests */ = {
			isa = PBXNativeTarget;
			buildConfigurationList = CD0434362E074ABF00AF8CCA /* Build configuration list for PBXNativeTarget "MtaaCareUITests" */;
			buildPhases = (
				CD0434222E074ABF00AF8CCA /* Sources */,
				CD0434232E074ABF00AF8CCA /* Frameworks */,
				CD0434242E074ABF00AF8CCA /* Resources */,
			);
			buildRules = (
			);
			dependencies = (
				CD0434282E074ABF00AF8CCA /* PBXTargetDependency */,
			);
			fileSystemSynchronizedGroups = (
				CD0434292E074ABF00AF8CCA /* MtaaCareUITests */,
			);
			name = MtaaCareUITests;
			packageProductDependencies = (
			);
			productName = MtaaCareUITests;
			productReference = CD0434262E074ABF00AF8CCA /* MtaaCareUITests.xctest */;
			productType = "com.apple.product-type.bundle.ui-testing";
		};
/* End PBXNativeTarget section */

/* Begin PBXProject section */
		CD0434072E074ABD00AF8CCA /* Project object */ = {
			isa = PBXProject;
			attributes = {
				BuildIndependentTargetsInParallel = 1;
				LastSwiftUpdateCheck = 1640;
				LastUpgradeCheck = 1640;
				TargetAttributes = {
					CD04340E2E074ABD00AF8CCA = {
						CreatedOnToolsVersion = 16.4;
					};
					CD04341B2E074ABF00AF8CCA = {
						CreatedOnToolsVersion = 16.4;
						TestTargetID = CD04340E2E074ABD00AF8CCA;
					};
					CD0434252E074ABF00AF8CCA = {
						CreatedOnToolsVersion = 16.4;
						TestTargetID = CD04340E2E074ABD00AF8CCA;
					};
				};
			};
			buildConfigurationList = CD04340A2E074ABD00AF8CCA /* Build configuration list for PBXProject "MtaaCare" */;
			developmentRegion = en;
			hasScannedForEncodings = 0;
			knownRegions = (
				en,
				Base,
			);
			mainGroup = CD0434062E074ABD00AF8CCA;
			minimizedProjectReferenceProxies = 1;
			preferredProjectObjectVersion = 77;
			productRefGroup = CD0434102E074ABD00AF8CCA /* Products */;
			projectDirPath = "";
			projectRoot = "";
			targets = (
				CD04340E2E074ABD00AF8CCA /* MtaaCare */,
				CD04341B2E074ABF00AF8CCA /* MtaaCareTests */,
				CD0434252E074ABF00AF8CCA /* MtaaCareUITests */,
			);
		};
/* End PBXProject section */

/* Begin PBXResourcesBuildPhase section */
		CD04340D2E074ABD00AF8CCA /* Resources */ = {
			isa = PBXResourcesBuildPhase;
			buildActionMask = 2147483647;
			files = (
			);
			runOnlyForDeploymentPostprocessing = 0;
		};
		CD04341A2E074ABF00AF8CCA /* Resources */ = {
			isa = PBXResourcesBuildPhase;
			buildActionMask = 2147483647;
			files = (
			);
			runOnlyForDeploymentPostprocessing = 0;
		};
		CD0434242E074ABF00AF8CCA /* Resources */ = {
			isa = PBXResourcesBuildPhase;
			buildActionMask = 2147483647;
			files = (
			);
			runOnlyForDeploymentPostprocessing = 0;
		};
/* End PBXResourcesBuildPhase section */

/* Begin PBXSourcesBuildPhase section */
		CD04340B2E074ABD00AF8CCA /* Sources */ = {
			isa = PBXSourcesBuildPhase;
			buildActionMask = 2147483647;
			files = (
			);
			runOnlyForDeploymentPostprocessing = 0;
		};
		CD0434182E074ABF00AF8CCA /* Sources */ = {
			isa = PBXSourcesBuildPhase;
			buildActionMask = 2147483647;
			files = (
			);
			runOnlyForDeploymentPostprocessing = 0;
		};
		CD0434222E074ABF00AF8CCA /* Sources */ = {
			isa = PBXSourcesBuildPhase;
			buildActionMask = 2147483647;
			files = (
			);
			runOnlyForDeploymentPostprocessing = 0;
		};
/* End PBXSourcesBuildPhase section */

/* Begin PBXTargetDependency section */
		CD04341E2E074ABF00AF8CCA /* PBXTargetDependency */ = {
			isa = PBXTargetDependency;
			target = CD04340E2E074ABD00AF8CCA /* MtaaCare */;
			targetProxy = CD04341D2E074ABF00AF8CCA /* PBXContainerItemProxy */;
		};
		CD0434282E074ABF00AF8CCA /* PBXTargetDependency */ = {
			isa = PBXTargetDependency;
			target = CD04340E2E074ABD00AF8CCA /* MtaaCare */;
			targetProxy = CD0434272E074ABF00AF8CCA /* PBXContainerItemProxy */;
		};
/* End PBXTargetDependency section */

/* Begin XCBuildConfiguration section */
		CD04342E2E074ABF00AF8CCA /* Debug */ = {
			isa = XCBuildConfiguration;
			buildSettings = {
				ALWAYS_SEARCH_USER_PATHS = NO;
				ASSETCATALOG_COMPILER_GENERATE_SWIFT_ASSET_SYMBOL_EXTENSIONS = YES;
				CLANG_ANALYZER_NONNULL = YES;
				CLANG_ANALYZER_NUMBER_OBJECT_CONVERSION = YES_AGGRESSIVE;
				CLANG_CXX_LANGUAGE_STANDARD = "gnu++20";
				CLANG_ENABLE_MODULES = YES;
				CLANG_ENABLE_OBJC_ARC = YES;
				CLANG_ENABLE_OBJC_WEAK = YES;
				CLANG_WARN_BLOCK_CAPTURE_AUTORELEASING = YES;
				CLANG_WARN_BOOL_CONVERSION = YES;
				CLANG_WARN_COMMA = YES;
				CLANG_WARN_CONSTANT_CONVERSION = YES;
				CLANG_WARN_DEPRECATED_OBJC_IMPLEMENTATIONS = YES;
				CLANG_WARN_DIRECT_OBJC_ISA_USAGE = YES_ERROR;
				CLANG_WARN_DOCUMENTATION_COMMENTS = YES;
				CLANG_WARN_EMPTY_BODY = YES;
				CLANG_WARN_ENUM_CONVERSION = YES;
				CLANG_WARN_INFINITE_RECURSION = YES;
				CLANG_WARN_INT_CONVERSION = YES;
				CLANG_WARN_NON_LITERAL_NULL_CONVERSION = YES;
				CLANG_WARN_OBJC_IMPLICIT_RETAIN_SELF = YES;
				CLANG_WARN_OBJC_LITERAL_CONVERSION = YES;
				CLANG_WARN_OBJC_ROOT_CLASS = YES_ERROR;
				CLANG_WARN_QUOTED_INCLUDE_IN_FRAMEWORK_HEADER = YES;
				CLANG_WARN_RANGE_LOOP_ANALYSIS = YES;
				CLANG_WARN_STRICT_PROTOTYPES = YES;
				CLANG_WARN_SUSPICIOUS_MOVE = YES;
				CLANG_WARN_UNGUARDED_AVAILABILITY = YES_AGGRESSIVE;
				CLANG_WARN_UNREACHABLE_CODE = YES;
				CLANG_WARN__DUPLICATE_METHOD_MATCH = YES;
				COPY_PHASE_STRIP = NO;
				DEBUG_INFORMATION_FORMAT = dwarf;
				ENABLE_STRICT_OBJC_MSGSEND = YES;
				ENABLE_TESTABILITY = YES;
				ENABLE_USER_SCRIPT_SANDBOXING = YES;
				GCC_C_LANGUAGE_STANDARD = gnu17;
				GCC_DYNAMIC_NO_PIC = NO;
				GCC_NO_COMMON_BLOCKS = YES;
				GCC_OPTIMIZATION_LEVEL = 0;
				GCC_PREPROCESSOR_DEFINITIONS = (
					"DEBUG=1",
					"$(inherited)",
				);
				GCC_WARN_64_TO_32_BIT_CONVERSION = YES;
				GCC_WARN_ABOUT_RETURN_TYPE = YES_ERROR;
				GCC_WARN_UNDECLARED_SELECTOR = YES;
				GCC_WARN_UNINITIALIZED_AUTOS = YES_AGGRESSIVE;
				GCC_WARN_UNUSED_FUNCTION = YES;
				GCC_WARN_UNUSED_VARIABLE = YES;
				IPHONEOS_DEPLOYMENT_TARGET = 18.5;
				LOCALIZATION_PREFERS_STRING_CATALOGS = YES;
				MTL_ENABLE_DEBUG_INFO = INCLUDE_SOURCE;
				MTL_FAST_MATH = YES;
				ONLY_ACTIVE_ARCH = YES;
				SDKROOT = iphoneos;
				SWIFT_ACTIVE_COMPILATION_CONDITIONS = "DEBUG $(inherited)";
				SWIFT_OPTIMIZATION_LEVEL = "-Onone";
			};
			name = Debug;
		};
		CD04342F2E074ABF00AF8CCA /* Release */ = {
			isa = XCBuildConfiguration;
			buildSettings = {
				ALWAYS_SEARCH_USER_PATHS = NO;
				ASSETCATALOG_COMPILER_GENERATE_SWIFT_ASSET_SYMBOL_EXTENSIONS = YES;
				CLANG_ANALYZER_NONNULL = YES;
				CLANG_ANALYZER_NUMBER_OBJECT_CONVERSION = YES_AGGRESSIVE;
				CLANG_CXX_LANGUAGE_STANDARD = "gnu++20";
				CLANG_ENABLE_MODULES = YES;
				CLANG_ENABLE_OBJC_ARC = YES;
				CLANG_ENABLE_OBJC_WEAK = YES;
				CLANG_WARN_BLOCK_CAPTURE_AUTORELEASING = YES;
				CLANG_WARN_BOOL_CONVERSION = YES;
				CLANG_WARN_COMMA = YES;
				CLANG_WARN_CONSTANT_CONVERSION = YES;
				CLANG_WARN_DEPRECATED_OBJC_IMPLEMENTATIONS = YES;
				CLANG_WARN_DIRECT_OBJC_ISA_USAGE = YES_ERROR;
				CLANG_WARN_DOCUMENTATION_COMMENTS = YES;
				CLANG_WARN_EMPTY_BODY = YES;
				CLANG_WARN_ENUM_CONVERSION = YES;
				CLANG_WARN_INFINITE_RECURSION = YES;
				CLANG_WARN_INT_CONVERSION = YES;
				CLANG_WARN_NON_LITERAL_NULL_CONVERSION = YES;
				CLANG_WARN_OBJC_IMPLICIT_RETAIN_SELF = YES;
				CLANG_WARN_OBJC_LITERAL_CONVERSION = YES;
				CLANG_WARN_OBJC_ROOT_CLASS = YES_ERROR;
				CLANG_WARN_QUOTED_INCLUDE_IN_FRAMEWORK_HEADER = YES;
				CLANG_WARN_RANGE_LOOP_ANALYSIS = YES;
				CLANG_WARN_STRICT_PROTOTYPES = YES;
				CLANG_WARN_SUSPICIOUS_MOVE = YES;
				CLANG_WARN_UNGUARDED_AVAILABILITY = YES_AGGRESSIVE;
				CLANG_WARN_UNREACHABLE_CODE = YES;
				CLANG_WARN__DUPLICATE_METHOD_MATCH = YES;
				COPY_PHASE_STRIP = NO;
				DEBUG_INFORMATION_FORMAT = "dwarf-with-dsym";
				ENABLE_NS_ASSERTIONS = NO;
				ENABLE_STRICT_OBJC_MSGSEND = YES;
				ENABLE_USER_SCRIPT_SANDBOXING = YES;
				GCC_C_LANGUAGE_STANDARD = gnu17;
				GCC_NO_COMMON_BLOCKS = YES;
				GCC_WARN_64_TO_32_BIT_CONVERSION = YES;
				GCC_WARN_ABOUT_RETURN_TYPE = YES_ERROR;
				GCC_WARN_UNDECLARED_SELECTOR = YES;
				GCC_WARN_UNINITIALIZED_AUTOS = YES_AGGRESSIVE;
				GCC_WARN_UNUSED_FUNCTION = YES;
				GCC_WARN_UNUSED_VARIABLE = YES;
				IPHONEOS_DEPLOYMENT_TARGET = 18.5;
				LOCALIZATION_PREFERS_STRING_CATALOGS = YES;
				MTL_ENABLE_DEBUG_INFO = NO;
				MTL_FAST_MATH = YES;
				SDKROOT = iphoneos;
				SWIFT_COMPILATION_MODE = wholemodule;
				VALIDATE_PRODUCT = YES;
			};
			name = Release;
		};
		CD0434312E074ABF00AF8CCA /* Debug */ = {
			isa = XCBuildConfiguration;
			buildSettings = {
				ASSETCATALOG_COMPILER_APPICON_NAME = AppIcon;
				ASSETCATALOG_COMPILER_GLOBAL_ACCENT_COLOR_NAME = AccentColor;
				CODE_SIGN_STYLE = Automatic;
				CURRENT_PROJECT_VERSION = 1;
				ENABLE_PREVIEWS = YES;
				GENERATE_INFOPLIST_FILE = YES;
				INFOPLIST_KEY_UIApplicationSceneManifest_Generation = YES;
				INFOPLIST_KEY_UIApplicationSupportsIndirectInputEvents = YES;
				INFOPLIST_KEY_UILaunchScreen_Generation = YES;
				INFOPLIST_KEY_UISupportedInterfaceOrientations_iPad = "UIInterfaceOrientationPortrait UIInterfaceOrientationPortraitUpsideDown UIInterfaceOrientationLandscapeLeft UIInterfaceOrientationLandscapeRight";
				INFOPLIST_KEY_UISupportedInterfaceOrientations_iPhone = "UIInterfaceOrientationPortrait UIInterfaceOrientationLandscapeLeft UIInterfaceOrientationLandscapeRight";
				LD_RUNPATH_SEARCH_PATHS = (
					"$(inherited)",
					"@executable_path/Frameworks",
				);
				MARKETING_VERSION = 1.0;
				PRODUCT_BUNDLE_IDENTIFIER = com.MtaaCare;
				PRODUCT_NAME = "$(TARGET_NAME)";
				SWIFT_EMIT_LOC_STRINGS = YES;
				SWIFT_VERSION = 5.0;
				TARGETED_DEVICE_FAMILY = "1,2";
			};
			name = Debug;
		};
		CD0434322E074ABF00AF8CCA /* Release */ = {
			isa = XCBuildConfiguration;
			buildSettings = {
				ASSETCATALOG_COMPILER_APPICON_NAME = AppIcon;
				ASSETCATALOG_COMPILER_GLOBAL_ACCENT_COLOR_NAME = AccentColor;
				CODE_SIGN_STYLE = Automatic;
				CURRENT_PROJECT_VERSION = 1;
				ENABLE_PREVIEWS = YES;
				GENERATE_INFOPLIST_FILE = YES;
				INFOPLIST_KEY_UIApplicationSceneManifest_Generation = YES;
				INFOPLIST_KEY_UIApplicationSupportsIndirectInputEvents = YES;
				INFOPLIST_KEY_UILaunchScreen_Generation = YES;
				INFOPLIST_KEY_UISupportedInterfaceOrientations_iPad = "UIInterfaceOrientationPortrait UIInterfaceOrientationPortraitUpsideDown UIInterfaceOrientationLandscapeLeft UIInterfaceOrientationLandscapeRight";
				INFOPLIST_KEY_UISupportedInterfaceOrientations_iPhone = "UIInterfaceOrientationPortrait UIInterfaceOrientationLandscapeLeft UIInterfaceOrientationLandscapeRight";
				LD_RUNPATH_SEARCH_PATHS = (
					"$(inherited)",
					"@executable_path/Frameworks",
				);
				MARKETING_VERSION = 1.0;
				PRODUCT_BUNDLE_IDENTIFIER = com.MtaaCare;
				PRODUCT_NAME = "$(TARGET_NAME)";
				SWIFT_EMIT_LOC_STRINGS = YES;
				SWIFT_VERSION = 5.0;
				TARGETED_DEVICE_FAMILY = "1,2";
			};
			name = Release;
		};
		CD0434342E074ABF00AF8CCA /* Debug */ = {
			isa = XCBuildConfiguration;
			buildSettings = {
				BUNDLE_LOADER = "$(TEST_HOST)";
				CODE_SIGN_STYLE = Automatic;
				CURRENT_PROJECT_VERSION = 1;
				GENERATE_INFOPLIST_FILE = YES;
				IPHONEOS_DEPLOYMENT_TARGET = 18.5;
				MARKETING_VERSION = 1.0;
				PRODUCT_BUNDLE_IDENTIFIER = com.MtaaCareTests;
				PRODUCT_NAME = "$(TARGET_NAME)";
				SWIFT_EMIT_LOC_STRINGS = NO;
				SWIFT_VERSION = 5.0;
				TARGETED_DEVICE_FAMILY = "1,2";
				TEST_HOST = "$(BUILT_PRODUCTS_DIR)/MtaaCare.app/$(BUNDLE_EXECUTABLE_FOLDER_PATH)/MtaaCare";
			};
			name = Debug;
		};
		CD0434352E074ABF00AF8CCA /* Release */ = {
			isa = XCBuildConfiguration;
			buildSettings = {
				BUNDLE_LOADER = "$(TEST_HOST)";
				CODE_SIGN_STYLE = Automatic;
				CURRENT_PROJECT_VERSION = 1;
				GENERATE_INFOPLIST_FILE = YES;
				IPHONEOS_DEPLOYMENT_TARGET = 18.5;
				MARKETING_VERSION = 1.0;
				PRODUCT_BUNDLE_IDENTIFIER = com.MtaaCareTests;
				PRODUCT_NAME = "$(TARGET_NAME)";
				SWIFT_EMIT_LOC_STRINGS = NO;
				SWIFT_VERSION = 5.0;
				TARGETED_DEVICE_FAMILY = "1,2";
				TEST_HOST = "$(BUILT_PRODUCTS_DIR)/MtaaCare.app/$(BUNDLE_EXECUTABLE_FOLDER_PATH)/MtaaCare";
			};
			name = Release;
		};
		CD0434372E074ABF00AF8CCA /* Debug */ = {
			isa = XCBuildConfiguration;
			buildSettings = {
				CODE_SIGN_STYLE = Automatic;
				CURRENT_PROJECT_VERSION = 1;
				GENERATE_INFOPLIST_FILE = YES;
				MARKETING_VERSION = 1.0;
				PRODUCT_BUNDLE_IDENTIFIER = com.MtaaCareUITests;
				PRODUCT_NAME = "$(TARGET_NAME)";
				SWIFT_EMIT_LOC_STRINGS = NO;
				SWIFT_VERSION = 5.0;
				TARGETED_DEVICE_FAMILY = "1,2";
				TEST_TARGET_NAME = MtaaCare;
			};
			name = Debug;
		};
		CD0434382E074ABF00AF8CCA /* Release */ = {
			isa = XCBuildConfiguration;
			buildSettings = {
				CODE_SIGN_STYLE = Automatic;
				CURRENT_PROJECT_VERSION = 1;
				GENERATE_INFOPLIST_FILE = YES;
				MARKETING_VERSION = 1.0;
				PRODUCT_BUNDLE_IDENTIFIER = com.MtaaCareUITests;
				PRODUCT_NAME = "$(TARGET_NAME)";
				SWIFT_EMIT_LOC_STRINGS = NO;
				SWIFT_VERSION = 5.0;
				TARGETED_DEVICE_FAMILY = "1,2";
				TEST_TARGET_NAME = MtaaCare;
			};
			name = Release;
		};
/* End XCBuildConfiguration section */

/* Begin XCConfigurationList section */
		CD04340A2E074ABD00AF8CCA /* Build configuration list for PBXProject "MtaaCare" */ = {
			isa = XCConfigurationList;
			buildConfigurations = (
				CD04342E2E074ABF00AF8CCA /* Debug */,
				CD04342F2E074ABF00AF8CCA /* Release */,
			);
			defaultConfigurationIsVisible = 0;
			defaultConfigurationName = Release;
		};
		CD0434302E074ABF00AF8CCA /* Build configuration list for PBXNativeTarget "MtaaCare" */ = {
			isa = XCConfigurationList;
			buildConfigurations = (
				CD0434312E074ABF00AF8CCA /* Debug */,
				CD0434322E074ABF00AF8CCA /* Release */,
			);
			defaultConfigurationIsVisible = 0;
			defaultConfigurationName = Release;
		};
		CD0434332E074ABF00AF8CCA /* Build configuration list for PBXNativeTarget "MtaaCareTests" */ = {
			isa = XCConfigurationList;
			buildConfigurations = (
				CD0434342E074ABF00AF8CCA /* Debug */,
				CD0434352E074ABF00AF8CCA /* Release */,
			);
			defaultConfigurationIsVisible = 0;
			defaultConfigurationName = Release;
		};
		CD0434362E074ABF00AF8CCA /* Build configuration list for PBXNativeTarget "MtaaCareUITests" */ = {
			isa = XCConfigurationList;
			buildConfigurations = (
				CD0434372E074ABF00AF8CCA /* Debug */,
				CD0434382E074ABF00AF8CCA /* Release */,
			);
			defaultConfigurationIsVisible = 0;
			defaultConfigurationName = Release;
		};
/* End XCConfigurationList section */
	};
	rootObject = CD0434072E074ABD00AF8CCA /* Project object */;
}
